
Microsoft Visual Studio Solution File, Format Version 12.00
# Visual Studio Version 17
VisualStudioVersion = 17.14.36414.22 d17.14
MinimumVisualStudioVersion = 10.0.40219.1
Project("{FAE04EC0-301F-11D3-BF4B-00C04F79EFBC}") = "usingForEach", "usingForEach\usingForEach.csproj", "{F9544974-F37D-4343-80E4-28B1381D9D38}"
EndProject
Global
	GlobalSection(SolutionConfigurationPlatforms) = preSolution
		Debug|Any CPU = Debug|Any CPU
		Release|Any CPU = Release|Any CPU
	EndGlobalSection
	GlobalSection(ProjectConfigurationPlatforms) = postSolution
		{F9544974-F37D-4343-80E4-28B1381D9D38}.Debug|Any CPU.ActiveCfg = Debug|Any CPU
		{F9544974-F37D-4343-80E4-28B1381D9D38}.Debug|Any CPU.Build.0 = Debug|Any CPU
		{F9544974-F37D-4343-80E4-28B1381D9D38}.Release|Any CPU.ActiveCfg = Release|Any CPU
		{F9544974-F37D-4343-80E4-28B1381D9D38}.Release|Any CPU.Build.0 = Release|Any CPU
	EndGlobalSection
	GlobalSection(SolutionProperties) = preSolution
		HideSolutionNode = FALSE
	EndGlobalSection
	GlobalSection(ExtensibilityGlobals) = postSolution
		SolutionGuid = {B9C2DF9F-21A4-4224-9369-FCC63A3C12FC}
	EndGlobalSection
EndGlobal
