
Microsoft Visual Studio Solution File, Format Version 12.00
# Visual Studio Version 17
VisualStudioVersion = 17.14.36414.22 d17.14
MinimumVisualStudioVersion = 10.0.40219.1
Project("{FAE04EC0-301F-11D3-BF4B-00C04F79EFBC}") = "RecordTypes", "RecordTypes\RecordTypes.csproj", "{BEB0D023-31B3-4344-9FAE-FCCF518170F5}"
EndProject
Global
	GlobalSection(SolutionConfigurationPlatforms) = preSolution
		Debug|Any CPU = Debug|Any CPU
		Release|Any CPU = Release|Any CPU
	EndGlobalSection
	GlobalSection(ProjectConfigurationPlatforms) = postSolution
		{BEB0D023-31B3-4344-9FAE-FCCF518170F5}.Debug|Any CPU.ActiveCfg = Debug|Any CPU
		{BEB0D023-31B3-4344-9FAE-FCCF518170F5}.Debug|Any CPU.Build.0 = Debug|Any CPU
		{BEB0D023-31B3-4344-9FAE-FCCF518170F5}.Release|Any CPU.ActiveCfg = Release|Any CPU
		{BEB0D023-31B3-4344-9FAE-FCCF518170F5}.Release|Any CPU.Build.0 = Release|Any CPU
	EndGlobalSection
	GlobalSection(SolutionProperties) = preSolution
		HideSolutionNode = FALSE
	EndGlobalSection
	GlobalSection(ExtensibilityGlobals) = postSolution
		SolutionGuid = {353C8FDC-E611-4B1F-95F8-5A903EA2921A}
	EndGlobalSection
EndGlobal
